// !$*UTF8*$!
{
	archiveVersion = 1;
	classes = {
	};
	objectVersion = 56;
	objects = {

/* Begin PBXBuildFile section */
		DADF1A3329A66AD400316347 /* SpotifyResumeApp.swift in Sources */ = {isa = PBXBuildFile; fileRef = DADF1A3229A66AD400316347 /* SpotifyResumeApp.swift */; };
		DADF1A3529A66AD400316347 /* ContentView.swift in Sources */ = {isa = PBXBuildFile; fileRef = DADF1A3429A66AD400316347 /* ContentView.swift */; };
		DADF1A3A29A66AD800316347 /* Preview Assets.xcassets in Resources */ = {isa = PBXBuildFile; fileRef = DADF1A3929A66AD800316347 /* Preview Assets.xcassets */; };
		DADF1A4529A66D4400316347 /* HomeView.swift in Sources */ = {isa = PBXBuildFile; fileRef = DADF1A4429A66D4400316347 /* HomeView.swift */; };
		DADF1A4729A66D5700316347 /* LibraryView.swift in Sources */ = {isa = PBXBuildFile; fileRef = DADF1A4629A66D5700316347 /* LibraryView.swift */; };
		DADF1A4929A6D49B00316347 /* Assets.xcassets in Resources */ = {isa = PBXBuildFile; fileRef = DADF1A4829A6D49B00316347 /* Assets.xcassets */; };
		DADF1A4B29A82BA600316347 /* ListItem.swift in Sources */ = {isa = PBXBuildFile; fileRef = DADF1A4A29A82BA600316347 /* ListItem.swift */; };
		DADF1A4E29A82CA700316347 /* ListViewModel.swift in Sources */ = {isa = PBXBuildFile; fileRef = DADF1A4D29A82CA700316347 /* ListViewModel.swift */; };
		DADF1A5029A9621F00316347 /* ItemView.swift in Sources */ = {isa = PBXBuildFile; fileRef = DADF1A4F29A9621E00316347 /* ItemView.swift */; };
/* End PBXBuildFile section */

/* Begin PBXFileReference section */
		DADF1A2F29A66AD400316347 /* SpotifyResume.app */ = {isa = PBXFileReference; explicitFileType = wrapper.application; includeInIndex = 0; path = SpotifyResume.app; sourceTree = BUILT_PRODUCTS_DIR; };
		DADF1A3229A66AD400316347 /* SpotifyResumeApp.swift */ = {isa = PBXFileReference; lastKnownFileType = sourcecode.swift; path = SpotifyResumeApp.swift; sourceTree = "<group>"; };
		DADF1A3429A66AD400316347 /* ContentView.swift */ = {isa = PBXFileReference; lastKnownFileType = sourcecode.swift; path = ContentView.swift; sourceTree = "<group>"; };
		DADF1A3929A66AD800316347 /* Preview Assets.xcassets */ = {isa = PBXFileReference; lastKnownFileType = folder.assetcatalog; path = "Preview Assets.xcassets"; sourceTree = "<group>"; };
		DADF1A4429A66D4400316347 /* HomeView.swift */ = {isa = PBXFileReference; lastKnownFileType = sourcecode.swift; path = HomeView.swift; sourceTree = "<group>"; };
		DADF1A4629A66D5700316347 /* LibraryView.swift */ = {isa = PBXFileReference; lastKnownFileType = sourcecode.swift; path = LibraryView.swift; sourceTree = "<group>"; };
		DADF1A4829A6D49B00316347 /* Assets.xcassets */ = {isa = PBXFileReference; lastKnownFileType = folder.assetcatalog; name = Assets.xcassets; path = Views/Assets.xcassets; sourceTree = "<group>"; };
		DADF1A4A29A82BA600316347 /* ListItem.swift */ = {isa = PBXFileReference; lastKnownFileType = sourcecode.swift; path = ListItem.swift; sourceTree = "<group>"; };
		DADF1A4D29A82CA700316347 /* ListViewModel.swift */ = {isa = PBXFileReference; lastKnownFileType = sourcecode.swift; path = ListViewModel.swift; sourceTree = "<group>"; };
		DADF1A4F29A9621E00316347 /* ItemView.swift */ = {isa = PBXFileReference; lastKnownFileType = sourcecode.swift; path = ItemView.swift; sourceTree = "<group>"; };
/* End PBXFileReference section */

/* Begin PBXFrameworksBuildPhase section */
		DADF1A2C29A66AD400316347 /* Frameworks */ = {
			isa = PBXFrameworksBuildPhase;
			buildActionMask = 2147483647;
			files = (
			);
			runOnlyForDeploymentPostprocessing = 0;
		};
/* End PBXFrameworksBuildPhase section */

/* Begin PBXGroup section */
		DADF1A2629A66AD400316347 = {
			isa = PBXGroup;
			children = (
				DADF1A3129A66AD400316347 /* SpotifyResume */,
				DADF1A3029A66AD400316347 /* Products */,
			);
			sourceTree = "<group>";
		};
		DADF1A3029A66AD400316347 /* Products */ = {
			isa = PBXGroup;
			children = (
				DADF1A2F29A66AD400316347 /* SpotifyResume.app */,
			);
			name = Products;
			sourceTree = "<group>";
		};
		DADF1A3129A66AD400316347 /* SpotifyResume */ = {
			isa = PBXGroup;
			children = (
				DADF1A4C29A82C1100316347 /* ViewModels */,
				DADF1A4129A66BE500316347 /* Models */,
				DADF1A4029A66BDB00316347 /* Views */,
				DADF1A3229A66AD400316347 /* SpotifyResumeApp.swift */,
				DADF1A3429A66AD400316347 /* ContentView.swift */,
				DADF1A4829A6D49B00316347 /* Assets.xcassets */,
				DADF1A3829A66AD800316347 /* Preview Content */,
			);
			path = SpotifyResume;
			sourceTree = "<group>";
		};
		DADF1A3829A66AD800316347 /* Preview Content */ = {
			isa = PBXGroup;
			children = (
				DADF1A3929A66AD800316347 /* Preview Assets.xcassets */,
			);
			path = "Preview Content";
			sourceTree = "<group>";
		};
		DADF1A4029A66BDB00316347 /* Views */ = {
			isa = PBXGroup;
			children = (
				DADF1A4429A66D4400316347 /* HomeView.swift */,
				DADF1A4629A66D5700316347 /* LibraryView.swift */,
				DADF1A4F29A9621E00316347 /* ItemView.swift */,
			);
			path = Views;
			sourceTree = "<group>";
		};
		DADF1A4129A66BE500316347 /* Models */ = {
			isa = PBXGroup;
			children = (
				DADF1A4A29A82BA600316347 /* ListItem.swift */,
			);
			path = Models;
			sourceTree = "<group>";
		};
		DADF1A4C29A82C1100316347 /* ViewModels */ = {
			isa = PBXGroup;
			children = (
				DADF1A4D29A82CA700316347 /* ListViewModel.swift */,
			);
			path = ViewModels;
			sourceTree = "<group>";
		};
/* End PBXGroup section */

/* Begin PBXNativeTarget section */
		DADF1A2E29A66AD400316347 /* SpotifyResume */ = {
			isa = PBXNativeTarget;
			buildConfigurationList = DADF1A3D29A66AD800316347 /* Build configuration list for PBXNativeTarget "SpotifyResume" */;
			buildPhases = (
				DADF1A2B29A66AD400316347 /* Sources */,
				DADF1A2C29A66AD400316347 /* Frameworks */,
				DADF1A2D29A66AD400316347 /* Resources */,
			);
			buildRules = (
			);
			dependencies = (
			);
			name = SpotifyResume;
			productName = SpotifyResume;
			productReference = DADF1A2F29A66AD400316347 /* SpotifyResume.app */;
			productType = "com.apple.product-type.application";
		};
/* End PBXNativeTarget section */

/* Begin PBXProject section */
		DADF1A2729A66AD400316347 /* Project object */ = {
			isa = PBXProject;
			attributes = {
				BuildIndependentTargetsInParallel = 1;
				LastSwiftUpdateCheck = 1420;
				LastUpgradeCheck = 1420;
				TargetAttributes = {
					DADF1A2E29A66AD400316347 = {
						CreatedOnToolsVersion = 14.2;
					};
				};
			};
			buildConfigurationList = DADF1A2A29A66AD400316347 /* Build configuration list for PBXProject "SpotifyResume" */;
			compatibilityVersion = "Xcode 14.0";
			developmentRegion = en;
			hasScannedForEncodings = 0;
			knownRegions = (
				en,
				Base,
			);
			mainGroup = DADF1A2629A66AD400316347;
			productRefGroup = DADF1A3029A66AD400316347 /* Products */;
			projectDirPath = "";
			projectRoot = "";
			targets = (
				DADF1A2E29A66AD400316347 /* SpotifyResume */,
			);
		};
/* End PBXProject section */

/* Begin PBXResourcesBuildPhase section */
		DADF1A2D29A66AD400316347 /* Resources */ = {
			isa = PBXResourcesBuildPhase;
			buildActionMask = 2147483647;
			files = (
				DADF1A4929A6D49B00316347 /* Assets.xcassets in Resources */,
				DADF1A3A29A66AD800316347 /* Preview Assets.xcassets in Resources */,
			);
			runOnlyForDeploymentPostprocessing = 0;
		};
/* End PBXResourcesBuildPhase section */

/* Begin PBXSourcesBuildPhase section */
		DADF1A2B29A66AD400316347 /* Sources */ = {
			isa = PBXSourcesBuildPhase;
			buildActionMask = 2147483647;
			files = (
				DADF1A4B29A82BA600316347 /* ListItem.swift in Sources */,
				DADF1A3529A66AD400316347 /* ContentView.swift in Sources */,
				DADF1A4E29A82CA700316347 /* ListViewModel.swift in Sources */,
				DADF1A4529A66D4400316347 /* HomeView.swift in Sources */,
				DADF1A5029A9621F00316347 /* ItemView.swift in Sources */,
				DADF1A4729A66D5700316347 /* LibraryView.swift in Sources */,
				DADF1A3329A66AD400316347 /* SpotifyResumeApp.swift in Sources */,
			);
			runOnlyForDeploymentPostprocessing = 0;
		};
/* End PBXSourcesBuildPhase section */

/* Begin XCBuildConfiguration section */
		DADF1A3B29A66AD800316347 /* Debug */ = {
			isa = XCBuildConfiguration;
			buildSettings = {
				ALWAYS_SEARCH_USER_PATHS = NO;
				CLANG_ANALYZER_NONNULL = YES;
				CLANG_ANALYZER_NUMBER_OBJECT_CONVERSION = YES_AGGRESSIVE;
				CLANG_CXX_LANGUAGE_STANDARD = "gnu++20";
				CLANG_ENABLE_MODULES = YES;
				CLANG_ENABLE_OBJC_ARC = YES;
				CLANG_ENABLE_OBJC_WEAK = YES;
				CLANG_WARN_BLOCK_CAPTURE_AUTORELEASING = YES;
				CLANG_WARN_BOOL_CONVERSION = YES;
				CLANG_WARN_COMMA = YES;
				CLANG_WARN_CONSTANT_CONVERSION = YES;
				CLANG_WARN_DEPRECATED_OBJC_IMPLEMENTATIONS = YES;
				CLANG_WARN_DIRECT_OBJC_ISA_USAGE = YES_ERROR;
				CLANG_WARN_DOCUMENTATION_COMMENTS = YES;
				CLANG_WARN_EMPTY_BODY = YES;
				CLANG_WARN_ENUM_CONVERSION = YES;
				CLANG_WARN_INFINITE_RECURSION = YES;
				CLANG_WARN_INT_CONVERSION = YES;
				CLANG_WARN_NON_LITERAL_NULL_CONVERSION = YES;
				CLANG_WARN_OBJC_IMPLICIT_RETAIN_SELF = YES;
				CLANG_WARN_OBJC_LITERAL_CONVERSION = YES;
				CLANG_WARN_OBJC_ROOT_CLASS = YES_ERROR;
				CLANG_WARN_QUOTED_INCLUDE_IN_FRAMEWORK_HEADER = YES;
				CLANG_WARN_RANGE_LOOP_ANALYSIS = YES;
				CLANG_WARN_STRICT_PROTOTYPES = YES;
				CLANG_WARN_SUSPICIOUS_MOVE = YES;
				CLANG_WARN_UNGUARDED_AVAILABILITY = YES_AGGRESSIVE;
				CLANG_WARN_UNREACHABLE_CODE = YES;
				CLANG_WARN__DUPLICATE_METHOD_MATCH = YES;
				COPY_PHASE_STRIP = NO;
				DEBUG_INFORMATION_FORMAT = dwarf;
				ENABLE_STRICT_OBJC_MSGSEND = YES;
				ENABLE_TESTABILITY = YES;
				GCC_C_LANGUAGE_STANDARD = gnu11;
				GCC_DYNAMIC_NO_PIC = NO;
				GCC_NO_COMMON_BLOCKS = YES;
				GCC_OPTIMIZATION_LEVEL = 0;
				GCC_PREPROCESSOR_DEFINITIONS = (
					"DEBUG=1",
					"$(inherited)",
				);
				GCC_WARN_64_TO_32_BIT_CONVERSION = YES;
				GCC_WARN_ABOUT_RETURN_TYPE = YES_ERROR;
				GCC_WARN_UNDECLARED_SELECTOR = YES;
				GCC_WARN_UNINITIALIZED_AUTOS = YES_AGGRESSIVE;
				GCC_WARN_UNUSED_FUNCTION = YES;
				GCC_WARN_UNUSED_VARIABLE = YES;
				IPHONEOS_DEPLOYMENT_TARGET = 16.2;
				MTL_ENABLE_DEBUG_INFO = INCLUDE_SOURCE;
				MTL_FAST_MATH = YES;
				ONLY_ACTIVE_ARCH = YES;
				SDKROOT = iphoneos;
				SWIFT_ACTIVE_COMPILATION_CONDITIONS = DEBUG;
				SWIFT_OPTIMIZATION_LEVEL = "-Onone";
			};
			name = Debug;
		};
		DADF1A3C29A66AD800316347 /* Release */ = {
			isa = XCBuildConfiguration;
			buildSettings = {
				ALWAYS_SEARCH_USER_PATHS = NO;
				CLANG_ANALYZER_NONNULL = YES;
				CLANG_ANALYZER_NUMBER_OBJECT_CONVERSION = YES_AGGRESSIVE;
				CLANG_CXX_LANGUAGE_STANDARD = "gnu++20";
				CLANG_ENABLE_MODULES = YES;
				CLANG_ENABLE_OBJC_ARC = YES;
				CLANG_ENABLE_OBJC_WEAK = YES;
				CLANG_WARN_BLOCK_CAPTURE_AUTORELEASING = YES;
				CLANG_WARN_BOOL_CONVERSION = YES;
				CLANG_WARN_COMMA = YES;
				CLANG_WARN_CONSTANT_CONVERSION = YES;
				CLANG_WARN_DEPRECATED_OBJC_IMPLEMENTATIONS = YES;
				CLANG_WARN_DIRECT_OBJC_ISA_USAGE = YES_ERROR;
				CLANG_WARN_DOCUMENTATION_COMMENTS = YES;
				CLANG_WARN_EMPTY_BODY = YES;
				CLANG_WARN_ENUM_CONVERSION = YES;
				CLANG_WARN_INFINITE_RECURSION = YES;
				CLANG_WARN_INT_CONVERSION = YES;
				CLANG_WARN_NON_LITERAL_NULL_CONVERSION = YES;
				CLANG_WARN_OBJC_IMPLICIT_RETAIN_SELF = YES;
				CLANG_WARN_OBJC_LITERAL_CONVERSION = YES;
				CLANG_WARN_OBJC_ROOT_CLASS = YES_ERROR;
				CLANG_WARN_QUOTED_INCLUDE_IN_FRAMEWORK_HEADER = YES;
				CLANG_WARN_RANGE_LOOP_ANALYSIS = YES;
				CLANG_WARN_STRICT_PROTOTYPES = YES;
				CLANG_WARN_SUSPICIOUS_MOVE = YES;
				CLANG_WARN_UNGUARDED_AVAILABILITY = YES_AGGRESSIVE;
				CLANG_WARN_UNREACHABLE_CODE = YES;
				CLANG_WARN__DUPLICATE_METHOD_MATCH = YES;
				COPY_PHASE_STRIP = NO;
				DEBUG_INFORMATION_FORMAT = "dwarf-with-dsym";
				ENABLE_NS_ASSERTIONS = NO;
				ENABLE_STRICT_OBJC_MSGSEND = YES;
				GCC_C_LANGUAGE_STANDARD = gnu11;
				GCC_NO_COMMON_BLOCKS = YES;
				GCC_WARN_64_TO_32_BIT_CONVERSION = YES;
				GCC_WARN_ABOUT_RETURN_TYPE = YES_ERROR;
				GCC_WARN_UNDECLARED_SELECTOR = YES;
				GCC_WARN_UNINITIALIZED_AUTOS = YES_AGGRESSIVE;
				GCC_WARN_UNUSED_FUNCTION = YES;
				GCC_WARN_UNUSED_VARIABLE = YES;
				IPHONEOS_DEPLOYMENT_TARGET = 16.2;
				MTL_ENABLE_DEBUG_INFO = NO;
				MTL_FAST_MATH = YES;
				SDKROOT = iphoneos;
				SWIFT_COMPILATION_MODE = wholemodule;
				SWIFT_OPTIMIZATION_LEVEL = "-O";
				VALIDATE_PRODUCT = YES;
			};
			name = Release;
		};
		DADF1A3E29A66AD800316347 /* Debug */ = {
			isa = XCBuildConfiguration;
			buildSettings = {
				ASSETCATALOG_COMPILER_APPICON_NAME = AppIcon;
				ASSETCATALOG_COMPILER_GLOBAL_ACCENT_COLOR_NAME = AccentColor;
				CODE_SIGN_STYLE = Automatic;
				CURRENT_PROJECT_VERSION = 1;
				DEVELOPMENT_ASSET_PATHS = "\"SpotifyResume/Preview Content\"";
				DEVELOPMENT_TEAM = 58FVWHG353;
				ENABLE_PREVIEWS = YES;
				GENERATE_INFOPLIST_FILE = YES;
				INFOPLIST_KEY_UIApplicationSceneManifest_Generation = YES;
				INFOPLIST_KEY_UIApplicationSupportsIndirectInputEvents = YES;
				INFOPLIST_KEY_UILaunchScreen_Generation = YES;
				INFOPLIST_KEY_UISupportedInterfaceOrientations = UIInterfaceOrientationPortrait;
				IPHONEOS_DEPLOYMENT_TARGET = 16.0;
				LD_RUNPATH_SEARCH_PATHS = (
					"$(inherited)",
					"@executable_path/Frameworks",
				);
				MARKETING_VERSION = 1.0;
				PRODUCT_BUNDLE_IDENTIFIER = EvanJapundza.SpotifyResume;
				PRODUCT_NAME = "$(TARGET_NAME)";
				SUPPORTED_PLATFORMS = "iphoneos iphonesimulator";
				SUPPORTS_MACCATALYST = NO;
				SUPPORTS_MAC_DESIGNED_FOR_IPHONE_IPAD = NO;
				SWIFT_EMIT_LOC_STRINGS = YES;
				SWIFT_VERSION = 5.0;
				TARGETED_DEVICE_FAMILY = "1,2";
			};
			name = Debug;
		};
		DADF1A3F29A66AD800316347 /* Release */ = {
			isa = XCBuildConfiguration;
			buildSettings = {
				ASSETCATALOG_COMPILER_APPICON_NAME = AppIcon;
				ASSETCATALOG_COMPILER_GLOBAL_ACCENT_COLOR_NAME = AccentColor;
				CODE_SIGN_STYLE = Automatic;
				CURRENT_PROJECT_VERSION = 1;
				DEVELOPMENT_ASSET_PATHS = "\"SpotifyResume/Preview Content\"";
				DEVELOPMENT_TEAM = 58FVWHG353;
				ENABLE_PREVIEWS = YES;
				GENERATE_INFOPLIST_FILE = YES;
				INFOPLIST_KEY_UIApplicationSceneManifest_Generation = YES;
				INFOPLIST_KEY_UIApplicationSupportsIndirectInputEvents = YES;
				INFOPLIST_KEY_UILaunchScreen_Generation = YES;
				INFOPLIST_KEY_UISupportedInterfaceOrientations = UIInterfaceOrientationPortrait;
				IPHONEOS_DEPLOYMENT_TARGET = 16.0;
				LD_RUNPATH_SEARCH_PATHS = (
					"$(inherited)",
					"@executable_path/Frameworks",
				);
				MARKETING_VERSION = 1.0;
				PRODUCT_BUNDLE_IDENTIFIER = EvanJapundza.SpotifyResume;
				PRODUCT_NAME = "$(TARGET_NAME)";
				SUPPORTED_PLATFORMS = "iphoneos iphonesimulator";
				SUPPORTS_MACCATALYST = NO;
				SUPPORTS_MAC_DESIGNED_FOR_IPHONE_IPAD = NO;
				SWIFT_EMIT_LOC_STRINGS = YES;
				SWIFT_VERSION = 5.0;
				TARGETED_DEVICE_FAMILY = "1,2";
			};
			name = Release;
		};
/* End XCBuildConfiguration section */

/* Begin XCConfigurationList section */
		DADF1A2A29A66AD400316347 /* Build configuration list for PBXProject "SpotifyResume" */ = {
			isa = XCConfigurationList;
			buildConfigurations = (
				DADF1A3B29A66AD800316347 /* Debug */,
				DADF1A3C29A66AD800316347 /* Release */,
			);
			defaultConfigurationIsVisible = 0;
			defaultConfigurationName = Release;
		};
		DADF1A3D29A66AD800316347 /* Build configuration list for PBXNativeTarget "SpotifyResume" */ = {
			isa = XCConfigurationList;
			buildConfigurations = (
				DADF1A3E29A66AD800316347 /* Debug */,
				DADF1A3F29A66AD800316347 /* Release */,
			);
			defaultConfigurationIsVisible = 0;
			defaultConfigurationName = Release;
		};
/* End XCConfigurationList section */
	};
	rootObject = DADF1A2729A66AD400316347 /* Project object */;
}
